
Microsoft Visual Studio Solution File, Format Version 12.00
# Visual Studio Version 17
VisualStudioVersion = 17.3.32929.385
MinimumVisualStudioVersion = 10.0.40219.1
Project("{FAE04EC0-301F-11D3-BF4B-00C04F79EFBC}") = "BookingFood", "BookingFood\BookingFood.csproj", "{0AB7C4BB-0B2B-4AB8-B7FF-853F80F41288}"
EndProject
Global
	GlobalSection(SolutionConfigurationPlatforms) = preSolution
		Debug|Any CPU = Debug|Any CPU
		Release|Any CPU = Release|Any CPU
	EndGlobalSection
	GlobalSection(ProjectConfigurationPlatforms) = postSolution
		{0AB7C4BB-0B2B-4AB8-B7FF-853F80F41288}.Debug|Any CPU.ActiveCfg = Debug|Any CPU
		{0AB7C4BB-0B2B-4AB8-B7FF-853F80F41288}.Debug|Any CPU.Build.0 = Debug|Any CPU
		{0AB7C4BB-0B2B-4AB8-B7FF-853F80F41288}.Release|Any CPU.ActiveCfg = Release|Any CPU
		{0AB7C4BB-0B2B-4AB8-B7FF-853F80F41288}.Release|Any CPU.Build.0 = Release|Any CPU
	EndGlobalSection
	GlobalSection(SolutionProperties) = preSolution
		HideSolutionNode = FALSE
	EndGlobalSection
	GlobalSection(ExtensibilityGlobals) = postSolution
		SolutionGuid = {EA341393-AF56-4278-8FA6-12A34F3998A1}
	EndGlobalSection
EndGlobal
